
Microsoft Visual Studio Solution File, Format Version 12.00
# Visual Studio 15
VisualStudioVersion = 15.0.27004.2008
MinimumVisualStudioVersion = 10.0.40219.1
Project("{8BC9CEB8-8B4A-11D0-8D11-00A0C91BC942}") = "SingleUser", "SingleUser\SingleUser.vcxproj", "{D7CAA7EF-4214-4E03-B378-B9D4482C5C79}"
EndProject
Project("{8BC9CEB8-8B4A-11D0-8D11-00A0C91BC942}") = "DynamicPartitions", "DynamicPartitions\DynamicPartitions.vcxproj", "{A7E360E6-23D7-40BA-B865-7AC78C113889}"
EndProject
Project("{8BC9CEB8-8B4A-11D0-8D11-00A0C91BC942}") = "FixedPartitions", "FixedPartitions\FixedPartitions.vcxproj", "{E63FB656-ECE2-4B45-BA04-97A5BE77FA56}"
EndProject
Project("{8BC9CEB8-8B4A-11D0-8D11-00A0C91BC942}") = "RelocatableDynamicPartitions", "RelocatableDynamicPartitions\RelocatableDynamicPartitions.vcxproj", "{1038F576-C554-435F-83BE-EF2BEDEC1984}"
	ProjectSection(ProjectDependencies) = postProject
		{A7E360E6-23D7-40BA-B865-7AC78C113889} = {A7E360E6-23D7-40BA-B865-7AC78C113889}
	EndProjectSection
EndProject
Global
	GlobalSection(SolutionConfigurationPlatforms) = preSolution
		Debug|x64 = Debug|x64
		Debug|x86 = Debug|x86
		Release|x64 = Release|x64
		Release|x86 = Release|x86
	EndGlobalSection
	GlobalSection(ProjectConfigurationPlatforms) = postSolution
		{D7CAA7EF-4214-4E03-B378-B9D4482C5C79}.Debug|x64.ActiveCfg = Debug|x64
		{D7CAA7EF-4214-4E03-B378-B9D4482C5C79}.Debug|x64.Build.0 = Debug|x64
		{D7CAA7EF-4214-4E03-B378-B9D4482C5C79}.Debug|x86.ActiveCfg = Debug|Win32
		{D7CAA7EF-4214-4E03-B378-B9D4482C5C79}.Debug|x86.Build.0 = Debug|Win32
		{D7CAA7EF-4214-4E03-B378-B9D4482C5C79}.Release|x64.ActiveCfg = Release|x64
		{D7CAA7EF-4214-4E03-B378-B9D4482C5C79}.Release|x64.Build.0 = Release|x64
		{D7CAA7EF-4214-4E03-B378-B9D4482C5C79}.Release|x86.ActiveCfg = Release|Win32
		{D7CAA7EF-4214-4E03-B378-B9D4482C5C79}.Release|x86.Build.0 = Release|Win32
		{A7E360E6-23D7-40BA-B865-7AC78C113889}.Debug|x64.ActiveCfg = Debug|x64
		{A7E360E6-23D7-40BA-B865-7AC78C113889}.Debug|x64.Build.0 = Debug|x64
		{A7E360E6-23D7-40BA-B865-7AC78C113889}.Debug|x86.ActiveCfg = Debug|Win32
		{A7E360E6-23D7-40BA-B865-7AC78C113889}.Debug|x86.Build.0 = Debug|Win32
		{A7E360E6-23D7-40BA-B865-7AC78C113889}.Release|x64.ActiveCfg = Release|x64
		{A7E360E6-23D7-40BA-B865-7AC78C113889}.Release|x64.Build.0 = Release|x64
		{A7E360E6-23D7-40BA-B865-7AC78C113889}.Release|x86.ActiveCfg = Release|Win32
		{A7E360E6-23D7-40BA-B865-7AC78C113889}.Release|x86.Build.0 = Release|Win32
		{E63FB656-ECE2-4B45-BA04-97A5BE77FA56}.Debug|x64.ActiveCfg = Debug|x64
		{E63FB656-ECE2-4B45-BA04-97A5BE77FA56}.Debug|x64.Build.0 = Debug|x64
		{E63FB656-ECE2-4B45-BA04-97A5BE77FA56}.Debug|x86.ActiveCfg = Debug|Win32
		{E63FB656-ECE2-4B45-BA04-97A5BE77FA56}.Debug|x86.Build.0 = Debug|Win32
		{E63FB656-ECE2-4B45-BA04-97A5BE77FA56}.Release|x64.ActiveCfg = Release|x64
		{E63FB656-ECE2-4B45-BA04-97A5BE77FA56}.Release|x64.Build.0 = Release|x64
		{E63FB656-ECE2-4B45-BA04-97A5BE77FA56}.Release|x86.ActiveCfg = Release|Win32
		{E63FB656-ECE2-4B45-BA04-97A5BE77FA56}.Release|x86.Build.0 = Release|Win32
		{1038F576-C554-435F-83BE-EF2BEDEC1984}.Debug|x64.ActiveCfg = Debug|x64
		{1038F576-C554-435F-83BE-EF2BEDEC1984}.Debug|x64.Build.0 = Debug|x64
		{1038F576-C554-435F-83BE-EF2BEDEC1984}.Debug|x86.ActiveCfg = Debug|Win32
		{1038F576-C554-435F-83BE-EF2BEDEC1984}.Debug|x86.Build.0 = Debug|Win32
		{1038F576-C554-435F-83BE-EF2BEDEC1984}.Release|x64.ActiveCfg = Release|x64
		{1038F576-C554-435F-83BE-EF2BEDEC1984}.Release|x64.Build.0 = Release|x64
		{1038F576-C554-435F-83BE-EF2BEDEC1984}.Release|x86.ActiveCfg = Release|Win32
		{1038F576-C554-435F-83BE-EF2BEDEC1984}.Release|x86.Build.0 = Release|Win32
	EndGlobalSection
	GlobalSection(SolutionProperties) = preSolution
		HideSolutionNode = FALSE
	EndGlobalSection
	GlobalSection(ExtensibilityGlobals) = postSolution
		SolutionGuid = {4F219CB6-6D7E-4D73-9090-D5C1DD7FD66C}
	EndGlobalSection
EndGlobal
